
Microsoft Visual Studio Solution File, Format Version 12.00
# Visual Studio Version 17
VisualStudioVersion = 17.12.35521.163
MinimumVisualStudioVersion = 10.0.40219.1
Project("{FAE04EC0-301F-11D3-BF4B-00C04F79EFBC}") = "DayPlanner", "DayPlanner.csproj", "{84ACE3B7-3827-425E-8C66-630539AB61DE}"
EndProject
Global
	GlobalSection(SolutionConfigurationPlatforms) = preSolution
		Debug|Any CPU = Debug|Any CPU
		Release|Any CPU = Release|Any CPU
	EndGlobalSection
	GlobalSection(ProjectConfigurationPlatforms) = postSolution
		{84ACE3B7-3827-425E-8C66-630539AB61DE}.Debug|Any CPU.ActiveCfg = Debug|Any CPU
		{84ACE3B7-3827-425E-8C66-630539AB61DE}.Debug|Any CPU.Build.0 = Debug|Any CPU
		{84ACE3B7-3827-425E-8C66-630539AB61DE}.Debug|Any CPU.Deploy.0 = Debug|Any CPU
		{84ACE3B7-3827-425E-8C66-630539AB61DE}.Release|Any CPU.ActiveCfg = Release|Any CPU
		{84ACE3B7-3827-425E-8C66-630539AB61DE}.Release|Any CPU.Build.0 = Release|Any CPU
		{84ACE3B7-3827-425E-8C66-630539AB61DE}.Release|Any CPU.Deploy.0 = Release|Any CPU
	EndGlobalSection
	GlobalSection(SolutionProperties) = preSolution
		HideSolutionNode = FALSE
	EndGlobalSection
EndGlobal
